
Microsoft Visual Studio Solution File, Format Version 12.00
# Visual Studio Version 17
VisualStudioVersion = 17.6.33815.320
MinimumVisualStudioVersion = 10.0.40219.1
Project("{FAE04EC0-301F-11D3-BF4B-00C04F79EFBC}") = "Email", "Email.csproj", "{49E7DCA3-2D91-4906-A373-408119696362}"
EndProject
Global
	GlobalSection(SolutionConfigurationPlatforms) = preSolution
		Debug|Any CPU = Debug|Any CPU
		Release|Any CPU = Release|Any CPU
	EndGlobalSection
	GlobalSection(ProjectConfigurationPlatforms) = postSolution
		{49E7DCA3-2D91-4906-A373-408119696362}.Debug|Any CPU.ActiveCfg = Debug|Any CPU
		{49E7DCA3-2D91-4906-A373-408119696362}.Debug|Any CPU.Build.0 = Debug|Any CPU
		{49E7DCA3-2D91-4906-A373-408119696362}.Release|Any CPU.ActiveCfg = Release|Any CPU
		{49E7DCA3-2D91-4906-A373-408119696362}.Release|Any CPU.Build.0 = Release|Any CPU
	EndGlobalSection
	GlobalSection(SolutionProperties) = preSolution
		HideSolutionNode = FALSE
	EndGlobalSection
	GlobalSection(ExtensibilityGlobals) = postSolution
		SolutionGuid = {6C6F0372-FB53-414E-86A3-E5AE14750B38}
	EndGlobalSection
EndGlobal
